// !$*UTF8*$!
{
	archiveVersion = 1;
	classes = {
	};
	objectVersion = 56;
	objects = {

/* Begin PBXBuildFile section */
		BAC360822A06C17B0012E2F5 /* AppDelegate.swift in Sources */ = {isa = PBXBuildFile; fileRef = BAC360812A06C17B0012E2F5 /* AppDelegate.swift */; };
		BAC360842A06C17B0012E2F5 /* art.scnassets in Resources */ = {isa = PBXBuildFile; fileRef = BAC360832A06C17B0012E2F5 /* art.scnassets */; };
		BAC360862A06C17B0012E2F5 /* ViewController.swift in Sources */ = {isa = PBXBuildFile; fileRef = BAC360852A06C17B0012E2F5 /* ViewController.swift */; };
		BAC360892A06C17C0012E2F5 /* Main.storyboard in Resources */ = {isa = PBXBuildFile; fileRef = BAC360872A06C17C0012E2F5 /* Main.storyboard */; };
		BAC3608B2A06C17F0012E2F5 /* Assets.xcassets in Resources */ = {isa = PBXBuildFile; fileRef = BAC3608A2A06C17F0012E2F5 /* Assets.xcassets */; };
		BAC3608E2A06C17F0012E2F5 /* LaunchScreen.storyboard in Resources */ = {isa = PBXBuildFile; fileRef = BAC3608C2A06C17F0012E2F5 /* LaunchScreen.storyboard */; };
		BAC360992A0768A30012E2F5 /* game-over.mp3 in Resources */ = {isa = PBXBuildFile; fileRef = BAC360952A0768A30012E2F5 /* game-over.mp3 */; };
		BAC3609A2A0768A30012E2F5 /* explosion.mp3 in Resources */ = {isa = PBXBuildFile; fileRef = BAC360962A0768A30012E2F5 /* explosion.mp3 */; };
		BAC3609B2A0768A30012E2F5 /* torpedo.mp3 in Resources */ = {isa = PBXBuildFile; fileRef = BAC360972A0768A30012E2F5 /* torpedo.mp3 */; };
		BAC3609C2A0768A30012E2F5 /* hacking-dimension.mp3 in Resources */ = {isa = PBXBuildFile; fileRef = BAC360982A0768A30012E2F5 /* hacking-dimension.mp3 */; };
/* End PBXBuildFile section */

/* Begin PBXFileReference section */
		BAC3607E2A06C17B0012E2F5 /* ARAlienAttack.app */ = {isa = PBXFileReference; explicitFileType = wrapper.application; includeInIndex = 0; path = ARAlienAttack.app; sourceTree = BUILT_PRODUCTS_DIR; };
		BAC360812A06C17B0012E2F5 /* AppDelegate.swift */ = {isa = PBXFileReference; lastKnownFileType = sourcecode.swift; path = AppDelegate.swift; sourceTree = "<group>"; };
		BAC360832A06C17B0012E2F5 /* art.scnassets */ = {isa = PBXFileReference; lastKnownFileType = wrapper.scnassets; path = art.scnassets; sourceTree = "<group>"; };
		BAC360852A06C17B0012E2F5 /* ViewController.swift */ = {isa = PBXFileReference; lastKnownFileType = sourcecode.swift; path = ViewController.swift; sourceTree = "<group>"; };
		BAC360882A06C17C0012E2F5 /* Base */ = {isa = PBXFileReference; lastKnownFileType = file.storyboard; name = Base; path = Base.lproj/Main.storyboard; sourceTree = "<group>"; };
		BAC3608A2A06C17F0012E2F5 /* Assets.xcassets */ = {isa = PBXFileReference; lastKnownFileType = folder.assetcatalog; path = Assets.xcassets; sourceTree = "<group>"; };
		BAC3608D2A06C17F0012E2F5 /* Base */ = {isa = PBXFileReference; lastKnownFileType = file.storyboard; name = Base; path = Base.lproj/LaunchScreen.storyboard; sourceTree = "<group>"; };
		BAC360952A0768A30012E2F5 /* game-over.mp3 */ = {isa = PBXFileReference; lastKnownFileType = audio.mp3; path = "game-over.mp3"; sourceTree = "<group>"; };
		BAC360962A0768A30012E2F5 /* explosion.mp3 */ = {isa = PBXFileReference; lastKnownFileType = audio.mp3; path = explosion.mp3; sourceTree = "<group>"; };
		BAC360972A0768A30012E2F5 /* torpedo.mp3 */ = {isa = PBXFileReference; lastKnownFileType = audio.mp3; path = torpedo.mp3; sourceTree = "<group>"; };
		BAC360982A0768A30012E2F5 /* hacking-dimension.mp3 */ = {isa = PBXFileReference; lastKnownFileType = audio.mp3; path = "hacking-dimension.mp3"; sourceTree = "<group>"; };
/* End PBXFileReference section */

/* Begin PBXFrameworksBuildPhase section */
		BAC3607B2A06C17B0012E2F5 /* Frameworks */ = {
			isa = PBXFrameworksBuildPhase;
			buildActionMask = 2147483647;
			files = (
			);
			runOnlyForDeploymentPostprocessing = 0;
		};
/* End PBXFrameworksBuildPhase section */

/* Begin PBXGroup section */
		BAC360752A06C17B0012E2F5 = {
			isa = PBXGroup;
			children = (
				BAC360802A06C17B0012E2F5 /* ARAlienAttack */,
				BAC3607F2A06C17B0012E2F5 /* Products */,
			);
			sourceTree = "<group>";
		};
		BAC3607F2A06C17B0012E2F5 /* Products */ = {
			isa = PBXGroup;
			children = (
				BAC3607E2A06C17B0012E2F5 /* ARAlienAttack.app */,
			);
			name = Products;
			sourceTree = "<group>";
		};
		BAC360802A06C17B0012E2F5 /* ARAlienAttack */ = {
			isa = PBXGroup;
			children = (
				BAC360942A0768640012E2F5 /* Sounds */,
				BAC360812A06C17B0012E2F5 /* AppDelegate.swift */,
				BAC360832A06C17B0012E2F5 /* art.scnassets */,
				BAC360852A06C17B0012E2F5 /* ViewController.swift */,
				BAC360872A06C17C0012E2F5 /* Main.storyboard */,
				BAC3608A2A06C17F0012E2F5 /* Assets.xcassets */,
				BAC3608C2A06C17F0012E2F5 /* LaunchScreen.storyboard */,
			);
			path = ARAlienAttack;
			sourceTree = "<group>";
		};
		BAC360942A0768640012E2F5 /* Sounds */ = {
			isa = PBXGroup;
			children = (
				BAC360962A0768A30012E2F5 /* explosion.mp3 */,
				BAC360952A0768A30012E2F5 /* game-over.mp3 */,
				BAC360982A0768A30012E2F5 /* hacking-dimension.mp3 */,
				BAC360972A0768A30012E2F5 /* torpedo.mp3 */,
			);
			path = Sounds;
			sourceTree = "<group>";
		};
/* End PBXGroup section */

/* Begin PBXNativeTarget section */
		BAC3607D2A06C17B0012E2F5 /* ARAlienAttack */ = {
			isa = PBXNativeTarget;
			buildConfigurationList = BAC360912A06C17F0012E2F5 /* Build configuration list for PBXNativeTarget "ARAlienAttack" */;
			buildPhases = (
				BAC3607A2A06C17B0012E2F5 /* Sources */,
				BAC3607B2A06C17B0012E2F5 /* Frameworks */,
				BAC3607C2A06C17B0012E2F5 /* Resources */,
			);
			buildRules = (
			);
			dependencies = (
			);
			name = ARAlienAttack;
			productName = ARAlienAttack;
			productReference = BAC3607E2A06C17B0012E2F5 /* ARAlienAttack.app */;
			productType = "com.apple.product-type.application";
		};
/* End PBXNativeTarget section */

/* Begin PBXProject section */
		BAC360762A06C17B0012E2F5 /* Project object */ = {
			isa = PBXProject;
			attributes = {
				BuildIndependentTargetsInParallel = 1;
				LastSwiftUpdateCheck = 1430;
				LastUpgradeCheck = 1430;
				TargetAttributes = {
					BAC3607D2A06C17B0012E2F5 = {
						CreatedOnToolsVersion = 14.3;
					};
				};
			};
			buildConfigurationList = BAC360792A06C17B0012E2F5 /* Build configuration list for PBXProject "ARAlienAttack" */;
			compatibilityVersion = "Xcode 14.0";
			developmentRegion = en;
			hasScannedForEncodings = 0;
			knownRegions = (
				en,
				Base,
			);
			mainGroup = BAC360752A06C17B0012E2F5;
			productRefGroup = BAC3607F2A06C17B0012E2F5 /* Products */;
			projectDirPath = "";
			projectRoot = "";
			targets = (
				BAC3607D2A06C17B0012E2F5 /* ARAlienAttack */,
			);
		};
/* End PBXProject section */

/* Begin PBXResourcesBuildPhase section */
		BAC3607C2A06C17B0012E2F5 /* Resources */ = {
			isa = PBXResourcesBuildPhase;
			buildActionMask = 2147483647;
			files = (
				BAC3609B2A0768A30012E2F5 /* torpedo.mp3 in Resources */,
				BAC3609A2A0768A30012E2F5 /* explosion.mp3 in Resources */,
				BAC360842A06C17B0012E2F5 /* art.scnassets in Resources */,
				BAC3609C2A0768A30012E2F5 /* hacking-dimension.mp3 in Resources */,
				BAC360992A0768A30012E2F5 /* game-over.mp3 in Resources */,
				BAC3608E2A06C17F0012E2F5 /* LaunchScreen.storyboard in Resources */,
				BAC3608B2A06C17F0012E2F5 /* Assets.xcassets in Resources */,
				BAC360892A06C17C0012E2F5 /* Main.storyboard in Resources */,
			);
			runOnlyForDeploymentPostprocessing = 0;
		};
/* End PBXResourcesBuildPhase section */

/* Begin PBXSourcesBuildPhase section */
		BAC3607A2A06C17B0012E2F5 /* Sources */ = {
			isa = PBXSourcesBuildPhase;
			buildActionMask = 2147483647;
			files = (
				BAC360862A06C17B0012E2F5 /* ViewController.swift in Sources */,
				BAC360822A06C17B0012E2F5 /* AppDelegate.swift in Sources */,
			);
			runOnlyForDeploymentPostprocessing = 0;
		};
/* End PBXSourcesBuildPhase section */

/* Begin PBXVariantGroup section */
		BAC360872A06C17C0012E2F5 /* Main.storyboard */ = {
			isa = PBXVariantGroup;
			children = (
				BAC360882A06C17C0012E2F5 /* Base */,
			);
			name = Main.storyboard;
			sourceTree = "<group>";
		};
		BAC3608C2A06C17F0012E2F5 /* LaunchScreen.storyboard */ = {
			isa = PBXVariantGroup;
			children = (
				BAC3608D2A06C17F0012E2F5 /* Base */,
			);
			name = LaunchScreen.storyboard;
			sourceTree = "<group>";
		};
/* End PBXVariantGroup section */

/* Begin XCBuildConfiguration section */
		BAC3608F2A06C17F0012E2F5 /* Debug */ = {
			isa = XCBuildConfiguration;
			buildSettings = {
				ALWAYS_SEARCH_USER_PATHS = NO;
				CLANG_ANALYZER_NONNULL = YES;
				CLANG_ANALYZER_NUMBER_OBJECT_CONVERSION = YES_AGGRESSIVE;
				CLANG_CXX_LANGUAGE_STANDARD = "gnu++20";
				CLANG_ENABLE_MODULES = YES;
				CLANG_ENABLE_OBJC_ARC = YES;
				CLANG_ENABLE_OBJC_WEAK = YES;
				CLANG_WARN_BLOCK_CAPTURE_AUTORELEASING = YES;
				CLANG_WARN_BOOL_CONVERSION = YES;
				CLANG_WARN_COMMA = YES;
				CLANG_WARN_CONSTANT_CONVERSION = YES;
				CLANG_WARN_DEPRECATED_OBJC_IMPLEMENTATIONS = YES;
				CLANG_WARN_DIRECT_OBJC_ISA_USAGE = YES_ERROR;
				CLANG_WARN_DOCUMENTATION_COMMENTS = YES;
				CLANG_WARN_EMPTY_BODY = YES;
				CLANG_WARN_ENUM_CONVERSION = YES;
				CLANG_WARN_INFINITE_RECURSION = YES;
				CLANG_WARN_INT_CONVERSION = YES;
				CLANG_WARN_NON_LITERAL_NULL_CONVERSION = YES;
				CLANG_WARN_OBJC_IMPLICIT_RETAIN_SELF = YES;
				CLANG_WARN_OBJC_LITERAL_CONVERSION = YES;
				CLANG_WARN_OBJC_ROOT_CLASS = YES_ERROR;
				CLANG_WARN_QUOTED_INCLUDE_IN_FRAMEWORK_HEADER = YES;
				CLANG_WARN_RANGE_LOOP_ANALYSIS = YES;
				CLANG_WARN_STRICT_PROTOTYPES = YES;
				CLANG_WARN_SUSPICIOUS_MOVE = YES;
				CLANG_WARN_UNGUARDED_AVAILABILITY = YES_AGGRESSIVE;
				CLANG_WARN_UNREACHABLE_CODE = YES;
				CLANG_WARN__DUPLICATE_METHOD_MATCH = YES;
				COPY_PHASE_STRIP = NO;
				DEBUG_INFORMATION_FORMAT = dwarf;
				ENABLE_STRICT_OBJC_MSGSEND = YES;
				ENABLE_TESTABILITY = YES;
				GCC_C_LANGUAGE_STANDARD = gnu11;
				GCC_DYNAMIC_NO_PIC = NO;
				GCC_NO_COMMON_BLOCKS = YES;
				GCC_OPTIMIZATION_LEVEL = 0;
				GCC_PREPROCESSOR_DEFINITIONS = (
					"DEBUG=1",
					"$(inherited)",
				);
				GCC_WARN_64_TO_32_BIT_CONVERSION = YES;
				GCC_WARN_ABOUT_RETURN_TYPE = YES_ERROR;
				GCC_WARN_UNDECLARED_SELECTOR = YES;
				GCC_WARN_UNINITIALIZED_AUTOS = YES_AGGRESSIVE;
				GCC_WARN_UNUSED_FUNCTION = YES;
				GCC_WARN_UNUSED_VARIABLE = YES;
				IPHONEOS_DEPLOYMENT_TARGET = 16.4;
				MTL_ENABLE_DEBUG_INFO = INCLUDE_SOURCE;
				MTL_FAST_MATH = YES;
				ONLY_ACTIVE_ARCH = YES;
				SDKROOT = iphoneos;
				SWIFT_ACTIVE_COMPILATION_CONDITIONS = DEBUG;
				SWIFT_OPTIMIZATION_LEVEL = "-Onone";
			};
			name = Debug;
		};
		BAC360902A06C17F0012E2F5 /* Release */ = {
			isa = XCBuildConfiguration;
			buildSettings = {
				ALWAYS_SEARCH_USER_PATHS = NO;
				CLANG_ANALYZER_NONNULL = YES;
				CLANG_ANALYZER_NUMBER_OBJECT_CONVERSION = YES_AGGRESSIVE;
				CLANG_CXX_LANGUAGE_STANDARD = "gnu++20";
				CLANG_ENABLE_MODULES = YES;
				CLANG_ENABLE_OBJC_ARC = YES;
				CLANG_ENABLE_OBJC_WEAK = YES;
				CLANG_WARN_BLOCK_CAPTURE_AUTORELEASING = YES;
				CLANG_WARN_BOOL_CONVERSION = YES;
				CLANG_WARN_COMMA = YES;
				CLANG_WARN_CONSTANT_CONVERSION = YES;
				CLANG_WARN_DEPRECATED_OBJC_IMPLEMENTATIONS = YES;
				CLANG_WARN_DIRECT_OBJC_ISA_USAGE = YES_ERROR;
				CLANG_WARN_DOCUMENTATION_COMMENTS = YES;
				CLANG_WARN_EMPTY_BODY = YES;
				CLANG_WARN_ENUM_CONVERSION = YES;
				CLANG_WARN_INFINITE_RECURSION = YES;
				CLANG_WARN_INT_CONVERSION = YES;
				CLANG_WARN_NON_LITERAL_NULL_CONVERSION = YES;
				CLANG_WARN_OBJC_IMPLICIT_RETAIN_SELF = YES;
				CLANG_WARN_OBJC_LITERAL_CONVERSION = YES;
				CLANG_WARN_OBJC_ROOT_CLASS = YES_ERROR;
				CLANG_WARN_QUOTED_INCLUDE_IN_FRAMEWORK_HEADER = YES;
				CLANG_WARN_RANGE_LOOP_ANALYSIS = YES;
				CLANG_WARN_STRICT_PROTOTYPES = YES;
				CLANG_WARN_SUSPICIOUS_MOVE = YES;
				CLANG_WARN_UNGUARDED_AVAILABILITY = YES_AGGRESSIVE;
				CLANG_WARN_UNREACHABLE_CODE = YES;
				CLANG_WARN__DUPLICATE_METHOD_MATCH = YES;
				COPY_PHASE_STRIP = NO;
				DEBUG_INFORMATION_FORMAT = "dwarf-with-dsym";
				ENABLE_NS_ASSERTIONS = NO;
				ENABLE_STRICT_OBJC_MSGSEND = YES;
				GCC_C_LANGUAGE_STANDARD = gnu11;
				GCC_NO_COMMON_BLOCKS = YES;
				GCC_WARN_64_TO_32_BIT_CONVERSION = YES;
				GCC_WARN_ABOUT_RETURN_TYPE = YES_ERROR;
				GCC_WARN_UNDECLARED_SELECTOR = YES;
				GCC_WARN_UNINITIALIZED_AUTOS = YES_AGGRESSIVE;
				GCC_WARN_UNUSED_FUNCTION = YES;
				GCC_WARN_UNUSED_VARIABLE = YES;
				IPHONEOS_DEPLOYMENT_TARGET = 16.4;
				MTL_ENABLE_DEBUG_INFO = NO;
				MTL_FAST_MATH = YES;
				SDKROOT = iphoneos;
				SWIFT_COMPILATION_MODE = wholemodule;
				SWIFT_OPTIMIZATION_LEVEL = "-O";
				VALIDATE_PRODUCT = YES;
			};
			name = Release;
		};
		BAC360922A06C17F0012E2F5 /* Debug */ = {
			isa = XCBuildConfiguration;
			buildSettings = {
				ASSETCATALOG_COMPILER_APPICON_NAME = AppIcon;
				ASSETCATALOG_COMPILER_GLOBAL_ACCENT_COLOR_NAME = AccentColor;
				CODE_SIGN_STYLE = Automatic;
				CURRENT_PROJECT_VERSION = 1;
				DEVELOPMENT_TEAM = 83JZX3D5GU;
				GENERATE_INFOPLIST_FILE = YES;
				INFOPLIST_KEY_NSCameraUsageDescription = "";
				INFOPLIST_KEY_UIApplicationSupportsIndirectInputEvents = YES;
				INFOPLIST_KEY_UILaunchStoryboardName = LaunchScreen;
				INFOPLIST_KEY_UIMainStoryboardFile = Main;
				INFOPLIST_KEY_UIRequiredDeviceCapabilities = arkit;
				INFOPLIST_KEY_UIStatusBarHidden = YES;
				INFOPLIST_KEY_UISupportedInterfaceOrientations_iPad = "UIInterfaceOrientationPortrait UIInterfaceOrientationPortraitUpsideDown UIInterfaceOrientationLandscapeLeft UIInterfaceOrientationLandscapeRight";
				INFOPLIST_KEY_UISupportedInterfaceOrientations_iPhone = "UIInterfaceOrientationPortrait UIInterfaceOrientationLandscapeLeft UIInterfaceOrientationLandscapeRight";
				LD_RUNPATH_SEARCH_PATHS = (
					"$(inherited)",
					"@executable_path/Frameworks",
				);
				MARKETING_VERSION = 1.0;
				PRODUCT_BUNDLE_IDENTIFIER = kyle.ARAlienAttack;
				PRODUCT_NAME = "$(TARGET_NAME)";
				SWIFT_EMIT_LOC_STRINGS = YES;
				SWIFT_VERSION = 5.0;
				TARGETED_DEVICE_FAMILY = "1,2";
			};
			name = Debug;
		};
		BAC360932A06C17F0012E2F5 /* Release */ = {
			isa = XCBuildConfiguration;
			buildSettings = {
				ASSETCATALOG_COMPILER_APPICON_NAME = AppIcon;
				ASSETCATALOG_COMPILER_GLOBAL_ACCENT_COLOR_NAME = AccentColor;
				CODE_SIGN_STYLE = Automatic;
				CURRENT_PROJECT_VERSION = 1;
				DEVELOPMENT_TEAM = 83JZX3D5GU;
				GENERATE_INFOPLIST_FILE = YES;
				INFOPLIST_KEY_NSCameraUsageDescription = "";
				INFOPLIST_KEY_UIApplicationSupportsIndirectInputEvents = YES;
				INFOPLIST_KEY_UILaunchStoryboardName = LaunchScreen;
				INFOPLIST_KEY_UIMainStoryboardFile = Main;
				INFOPLIST_KEY_UIRequiredDeviceCapabilities = arkit;
				INFOPLIST_KEY_UIStatusBarHidden = YES;
				INFOPLIST_KEY_UISupportedInterfaceOrientations_iPad = "UIInterfaceOrientationPortrait UIInterfaceOrientationPortraitUpsideDown UIInterfaceOrientationLandscapeLeft UIInterfaceOrientationLandscapeRight";
				INFOPLIST_KEY_UISupportedInterfaceOrientations_iPhone = "UIInterfaceOrientationPortrait UIInterfaceOrientationLandscapeLeft UIInterfaceOrientationLandscapeRight";
				LD_RUNPATH_SEARCH_PATHS = (
					"$(inherited)",
					"@executable_path/Frameworks",
				);
				MARKETING_VERSION = 1.0;
				PRODUCT_BUNDLE_IDENTIFIER = kyle.ARAlienAttack;
				PRODUCT_NAME = "$(TARGET_NAME)";
				SWIFT_EMIT_LOC_STRINGS = YES;
				SWIFT_VERSION = 5.0;
				TARGETED_DEVICE_FAMILY = "1,2";
			};
			name = Release;
		};
/* End XCBuildConfiguration section */

/* Begin XCConfigurationList section */
		BAC360792A06C17B0012E2F5 /* Build configuration list for PBXProject "ARAlienAttack" */ = {
			isa = XCConfigurationList;
			buildConfigurations = (
				BAC3608F2A06C17F0012E2F5 /* Debug */,
				BAC360902A06C17F0012E2F5 /* Release */,
			);
			defaultConfigurationIsVisible = 0;
			defaultConfigurationName = Release;
		};
		BAC360912A06C17F0012E2F5 /* Build configuration list for PBXNativeTarget "ARAlienAttack" */ = {
			isa = XCConfigurationList;
			buildConfigurations = (
				BAC360922A06C17F0012E2F5 /* Debug */,
				BAC360932A06C17F0012E2F5 /* Release */,
			);
			defaultConfigurationIsVisible = 0;
			defaultConfigurationName = Release;
		};
/* End XCConfigurationList section */
	};
	rootObject = BAC360762A06C17B0012E2F5 /* Project object */;
}
