// !$*UTF8*$!
{
	archiveVersion = 1;
	classes = {
	};
	objectVersion = 56;
	objects = {

/* Begin PBXBuildFile section */
		BA9FA12129A7B3F4001B8E5A /* AppDelegate.swift in Sources */ = {isa = PBXBuildFile; fileRef = BA9FA12029A7B3F4001B8E5A /* AppDelegate.swift */; };
		BA9FA12329A7B3F4001B8E5A /* GameScene.sks in Resources */ = {isa = PBXBuildFile; fileRef = BA9FA12229A7B3F4001B8E5A /* GameScene.sks */; };
		BA9FA12529A7B3F4001B8E5A /* Actions.sks in Resources */ = {isa = PBXBuildFile; fileRef = BA9FA12429A7B3F4001B8E5A /* Actions.sks */; };
		BA9FA12729A7B3F4001B8E5A /* GameScene.swift in Sources */ = {isa = PBXBuildFile; fileRef = BA9FA12629A7B3F4001B8E5A /* GameScene.swift */; };
		BA9FA12929A7B3F4001B8E5A /* GameViewController.swift in Sources */ = {isa = PBXBuildFile; fileRef = BA9FA12829A7B3F4001B8E5A /* GameViewController.swift */; };
		BA9FA12C29A7B3F4001B8E5A /* Main.storyboard in Resources */ = {isa = PBXBuildFile; fileRef = BA9FA12A29A7B3F4001B8E5A /* Main.storyboard */; };
		BA9FA12E29A7B3F7001B8E5A /* Assets.xcassets in Resources */ = {isa = PBXBuildFile; fileRef = BA9FA12D29A7B3F7001B8E5A /* Assets.xcassets */; };
		BA9FA13129A7B3F7001B8E5A /* LaunchScreen.storyboard in Resources */ = {isa = PBXBuildFile; fileRef = BA9FA12F29A7B3F7001B8E5A /* LaunchScreen.storyboard */; };
		BA9FA13829A7B54E001B8E5A /* MyParticle.sks in Resources */ = {isa = PBXBuildFile; fileRef = BA9FA13729A7B54D001B8E5A /* MyParticle.sks */; };
		BA9FA16529A83C71001B8E5A /* torpedo.mp3 in Resources */ = {isa = PBXBuildFile; fileRef = BA9FA16429A83C71001B8E5A /* torpedo.mp3 */; };
		BA9FA16929A83D53001B8E5A /* explosion.mp3 in Resources */ = {isa = PBXBuildFile; fileRef = BA9FA16629A83D52001B8E5A /* explosion.mp3 */; };
		BA9FA16B29A83D53001B8E5A /* Explosion.sks in Resources */ = {isa = PBXBuildFile; fileRef = BA9FA16829A83D53001B8E5A /* Explosion.sks */; };
		BA9FA16F29A84634001B8E5A /* Starfield.sks in Resources */ = {isa = PBXBuildFile; fileRef = BA9FA16E29A84634001B8E5A /* Starfield.sks */; };
		BA9FA17329A8477E001B8E5A /* BlackSpark.sks in Resources */ = {isa = PBXBuildFile; fileRef = BA9FA17229A8477E001B8E5A /* BlackSpark.sks */; };
		BA9FA17729A91B8B001B8E5A /* spaceship2.png in Resources */ = {isa = PBXBuildFile; fileRef = BA9FA17629A91B8B001B8E5A /* spaceship2.png */; };
		BA9FA17929A92210001B8E5A /* hacking-dimension.mp3 in Resources */ = {isa = PBXBuildFile; fileRef = BA9FA17829A92210001B8E5A /* hacking-dimension.mp3 */; };
/* End PBXBuildFile section */

/* Begin PBXFileReference section */
		BA9FA11D29A7B3F3001B8E5A /* NierMobile.app */ = {isa = PBXFileReference; explicitFileType = wrapper.application; includeInIndex = 0; path = NierMobile.app; sourceTree = BUILT_PRODUCTS_DIR; };
		BA9FA12029A7B3F4001B8E5A /* AppDelegate.swift */ = {isa = PBXFileReference; lastKnownFileType = sourcecode.swift; path = AppDelegate.swift; sourceTree = "<group>"; };
		BA9FA12229A7B3F4001B8E5A /* GameScene.sks */ = {isa = PBXFileReference; lastKnownFileType = file.sks; path = GameScene.sks; sourceTree = "<group>"; };
		BA9FA12429A7B3F4001B8E5A /* Actions.sks */ = {isa = PBXFileReference; lastKnownFileType = file.sks; path = Actions.sks; sourceTree = "<group>"; };
		BA9FA12629A7B3F4001B8E5A /* GameScene.swift */ = {isa = PBXFileReference; lastKnownFileType = sourcecode.swift; path = GameScene.swift; sourceTree = "<group>"; };
		BA9FA12829A7B3F4001B8E5A /* GameViewController.swift */ = {isa = PBXFileReference; lastKnownFileType = sourcecode.swift; path = GameViewController.swift; sourceTree = "<group>"; };
		BA9FA12B29A7B3F4001B8E5A /* Base */ = {isa = PBXFileReference; lastKnownFileType = file.storyboard; name = Base; path = Base.lproj/Main.storyboard; sourceTree = "<group>"; };
		BA9FA12D29A7B3F7001B8E5A /* Assets.xcassets */ = {isa = PBXFileReference; lastKnownFileType = folder.assetcatalog; path = Assets.xcassets; sourceTree = "<group>"; };
		BA9FA13029A7B3F7001B8E5A /* Base */ = {isa = PBXFileReference; lastKnownFileType = file.storyboard; name = Base; path = Base.lproj/LaunchScreen.storyboard; sourceTree = "<group>"; };
		BA9FA13729A7B54D001B8E5A /* MyParticle.sks */ = {isa = PBXFileReference; lastKnownFileType = file.sks; path = MyParticle.sks; sourceTree = "<group>"; };
		BA9FA16429A83C71001B8E5A /* torpedo.mp3 */ = {isa = PBXFileReference; lastKnownFileType = audio.mp3; path = torpedo.mp3; sourceTree = "<group>"; };
		BA9FA16629A83D52001B8E5A /* explosion.mp3 */ = {isa = PBXFileReference; lastKnownFileType = audio.mp3; path = explosion.mp3; sourceTree = "<group>"; };
		BA9FA16829A83D53001B8E5A /* Explosion.sks */ = {isa = PBXFileReference; lastKnownFileType = file.sks; path = Explosion.sks; sourceTree = "<group>"; };
		BA9FA16E29A84634001B8E5A /* Starfield.sks */ = {isa = PBXFileReference; lastKnownFileType = file.sks; path = Starfield.sks; sourceTree = "<group>"; };
		BA9FA17229A8477E001B8E5A /* BlackSpark.sks */ = {isa = PBXFileReference; lastKnownFileType = file.sks; path = BlackSpark.sks; sourceTree = "<group>"; };
		BA9FA17629A91B8B001B8E5A /* spaceship2.png */ = {isa = PBXFileReference; lastKnownFileType = image.png; path = spaceship2.png; sourceTree = "<group>"; };
		BA9FA17829A92210001B8E5A /* hacking-dimension.mp3 */ = {isa = PBXFileReference; lastKnownFileType = audio.mp3; path = "hacking-dimension.mp3"; sourceTree = "<group>"; };
/* End PBXFileReference section */

/* Begin PBXFrameworksBuildPhase section */
		BA9FA11A29A7B3F3001B8E5A /* Frameworks */ = {
			isa = PBXFrameworksBuildPhase;
			buildActionMask = 2147483647;
			files = (
			);
			runOnlyForDeploymentPostprocessing = 0;
		};
/* End PBXFrameworksBuildPhase section */

/* Begin PBXGroup section */
		BA9FA11429A7B3F3001B8E5A = {
			isa = PBXGroup;
			children = (
				BA9FA11F29A7B3F3001B8E5A /* NierMobile */,
				BA9FA11E29A7B3F3001B8E5A /* Products */,
			);
			sourceTree = "<group>";
		};
		BA9FA11E29A7B3F3001B8E5A /* Products */ = {
			isa = PBXGroup;
			children = (
				BA9FA11D29A7B3F3001B8E5A /* NierMobile.app */,
			);
			name = Products;
			sourceTree = "<group>";
		};
		BA9FA11F29A7B3F3001B8E5A /* NierMobile */ = {
			isa = PBXGroup;
			children = (
				BA9FA17829A92210001B8E5A /* hacking-dimension.mp3 */,
				BA9FA16E29A84634001B8E5A /* Starfield.sks */,
				BA9FA16429A83C71001B8E5A /* torpedo.mp3 */,
				BA9FA16629A83D52001B8E5A /* explosion.mp3 */,
				BA9FA16829A83D53001B8E5A /* Explosion.sks */,
				BA9FA12029A7B3F4001B8E5A /* AppDelegate.swift */,
				BA9FA12229A7B3F4001B8E5A /* GameScene.sks */,
				BA9FA12429A7B3F4001B8E5A /* Actions.sks */,
				BA9FA12629A7B3F4001B8E5A /* GameScene.swift */,
				BA9FA12829A7B3F4001B8E5A /* GameViewController.swift */,
				BA9FA12A29A7B3F4001B8E5A /* Main.storyboard */,
				BA9FA12D29A7B3F7001B8E5A /* Assets.xcassets */,
				BA9FA17629A91B8B001B8E5A /* spaceship2.png */,
				BA9FA13729A7B54D001B8E5A /* MyParticle.sks */,
				BA9FA12F29A7B3F7001B8E5A /* LaunchScreen.storyboard */,
				BA9FA17229A8477E001B8E5A /* BlackSpark.sks */,
			);
			path = NierMobile;
			sourceTree = "<group>";
		};
/* End PBXGroup section */

/* Begin PBXNativeTarget section */
		BA9FA11C29A7B3F3001B8E5A /* NierMobile */ = {
			isa = PBXNativeTarget;
			buildConfigurationList = BA9FA13429A7B3F7001B8E5A /* Build configuration list for PBXNativeTarget "NierMobile" */;
			buildPhases = (
				BA9FA11929A7B3F3001B8E5A /* Sources */,
				BA9FA11A29A7B3F3001B8E5A /* Frameworks */,
				BA9FA11B29A7B3F3001B8E5A /* Resources */,
			);
			buildRules = (
			);
			dependencies = (
			);
			name = NierMobile;
			productName = NierMobile;
			productReference = BA9FA11D29A7B3F3001B8E5A /* NierMobile.app */;
			productType = "com.apple.product-type.application";
		};
/* End PBXNativeTarget section */

/* Begin PBXProject section */
		BA9FA11529A7B3F3001B8E5A /* Project object */ = {
			isa = PBXProject;
			attributes = {
				BuildIndependentTargetsInParallel = 1;
				LastSwiftUpdateCheck = 1420;
				LastUpgradeCheck = 1420;
				TargetAttributes = {
					BA9FA11C29A7B3F3001B8E5A = {
						CreatedOnToolsVersion = 14.2;
					};
				};
			};
			buildConfigurationList = BA9FA11829A7B3F3001B8E5A /* Build configuration list for PBXProject "NierMobile" */;
			compatibilityVersion = "Xcode 14.0";
			developmentRegion = en;
			hasScannedForEncodings = 0;
			knownRegions = (
				en,
				Base,
			);
			mainGroup = BA9FA11429A7B3F3001B8E5A;
			productRefGroup = BA9FA11E29A7B3F3001B8E5A /* Products */;
			projectDirPath = "";
			projectRoot = "";
			targets = (
				BA9FA11C29A7B3F3001B8E5A /* NierMobile */,
			);
		};
/* End PBXProject section */

/* Begin PBXResourcesBuildPhase section */
		BA9FA11B29A7B3F3001B8E5A /* Resources */ = {
			isa = PBXResourcesBuildPhase;
			buildActionMask = 2147483647;
			files = (
				BA9FA12C29A7B3F4001B8E5A /* Main.storyboard in Resources */,
				BA9FA13829A7B54E001B8E5A /* MyParticle.sks in Resources */,
				BA9FA17929A92210001B8E5A /* hacking-dimension.mp3 in Resources */,
				BA9FA16F29A84634001B8E5A /* Starfield.sks in Resources */,
				BA9FA17729A91B8B001B8E5A /* spaceship2.png in Resources */,
				BA9FA12329A7B3F4001B8E5A /* GameScene.sks in Resources */,
				BA9FA12E29A7B3F7001B8E5A /* Assets.xcassets in Resources */,
				BA9FA16929A83D53001B8E5A /* explosion.mp3 in Resources */,
				BA9FA13129A7B3F7001B8E5A /* LaunchScreen.storyboard in Resources */,
				BA9FA16B29A83D53001B8E5A /* Explosion.sks in Resources */,
				BA9FA17329A8477E001B8E5A /* BlackSpark.sks in Resources */,
				BA9FA16529A83C71001B8E5A /* torpedo.mp3 in Resources */,
				BA9FA12529A7B3F4001B8E5A /* Actions.sks in Resources */,
			);
			runOnlyForDeploymentPostprocessing = 0;
		};
/* End PBXResourcesBuildPhase section */

/* Begin PBXSourcesBuildPhase section */
		BA9FA11929A7B3F3001B8E5A /* Sources */ = {
			isa = PBXSourcesBuildPhase;
			buildActionMask = 2147483647;
			files = (
				BA9FA12729A7B3F4001B8E5A /* GameScene.swift in Sources */,
				BA9FA12929A7B3F4001B8E5A /* GameViewController.swift in Sources */,
				BA9FA12129A7B3F4001B8E5A /* AppDelegate.swift in Sources */,
			);
			runOnlyForDeploymentPostprocessing = 0;
		};
/* End PBXSourcesBuildPhase section */

/* Begin PBXVariantGroup section */
		BA9FA12A29A7B3F4001B8E5A /* Main.storyboard */ = {
			isa = PBXVariantGroup;
			children = (
				BA9FA12B29A7B3F4001B8E5A /* Base */,
			);
			name = Main.storyboard;
			sourceTree = "<group>";
		};
		BA9FA12F29A7B3F7001B8E5A /* LaunchScreen.storyboard */ = {
			isa = PBXVariantGroup;
			children = (
				BA9FA13029A7B3F7001B8E5A /* Base */,
			);
			name = LaunchScreen.storyboard;
			sourceTree = "<group>";
		};
/* End PBXVariantGroup section */

/* Begin XCBuildConfiguration section */
		BA9FA13229A7B3F7001B8E5A /* Debug */ = {
			isa = XCBuildConfiguration;
			buildSettings = {
				ALWAYS_SEARCH_USER_PATHS = NO;
				CLANG_ANALYZER_NONNULL = YES;
				CLANG_ANALYZER_NUMBER_OBJECT_CONVERSION = YES_AGGRESSIVE;
				CLANG_CXX_LANGUAGE_STANDARD = "gnu++20";
				CLANG_ENABLE_MODULES = YES;
				CLANG_ENABLE_OBJC_ARC = YES;
				CLANG_ENABLE_OBJC_WEAK = YES;
				CLANG_WARN_BLOCK_CAPTURE_AUTORELEASING = YES;
				CLANG_WARN_BOOL_CONVERSION = YES;
				CLANG_WARN_COMMA = YES;
				CLANG_WARN_CONSTANT_CONVERSION = YES;
				CLANG_WARN_DEPRECATED_OBJC_IMPLEMENTATIONS = YES;
				CLANG_WARN_DIRECT_OBJC_ISA_USAGE = YES_ERROR;
				CLANG_WARN_DOCUMENTATION_COMMENTS = YES;
				CLANG_WARN_EMPTY_BODY = YES;
				CLANG_WARN_ENUM_CONVERSION = YES;
				CLANG_WARN_INFINITE_RECURSION = YES;
				CLANG_WARN_INT_CONVERSION = YES;
				CLANG_WARN_NON_LITERAL_NULL_CONVERSION = YES;
				CLANG_WARN_OBJC_IMPLICIT_RETAIN_SELF = YES;
				CLANG_WARN_OBJC_LITERAL_CONVERSION = YES;
				CLANG_WARN_OBJC_ROOT_CLASS = YES_ERROR;
				CLANG_WARN_QUOTED_INCLUDE_IN_FRAMEWORK_HEADER = YES;
				CLANG_WARN_RANGE_LOOP_ANALYSIS = YES;
				CLANG_WARN_STRICT_PROTOTYPES = YES;
				CLANG_WARN_SUSPICIOUS_MOVE = YES;
				CLANG_WARN_UNGUARDED_AVAILABILITY = YES_AGGRESSIVE;
				CLANG_WARN_UNREACHABLE_CODE = YES;
				CLANG_WARN__DUPLICATE_METHOD_MATCH = YES;
				COPY_PHASE_STRIP = NO;
				DEBUG_INFORMATION_FORMAT = dwarf;
				ENABLE_STRICT_OBJC_MSGSEND = YES;
				ENABLE_TESTABILITY = YES;
				GCC_C_LANGUAGE_STANDARD = gnu11;
				GCC_DYNAMIC_NO_PIC = NO;
				GCC_NO_COMMON_BLOCKS = YES;
				GCC_OPTIMIZATION_LEVEL = 0;
				GCC_PREPROCESSOR_DEFINITIONS = (
					"DEBUG=1",
					"$(inherited)",
				);
				GCC_WARN_64_TO_32_BIT_CONVERSION = YES;
				GCC_WARN_ABOUT_RETURN_TYPE = YES_ERROR;
				GCC_WARN_UNDECLARED_SELECTOR = YES;
				GCC_WARN_UNINITIALIZED_AUTOS = YES_AGGRESSIVE;
				GCC_WARN_UNUSED_FUNCTION = YES;
				GCC_WARN_UNUSED_VARIABLE = YES;
				IPHONEOS_DEPLOYMENT_TARGET = 16.2;
				MTL_ENABLE_DEBUG_INFO = INCLUDE_SOURCE;
				MTL_FAST_MATH = YES;
				ONLY_ACTIVE_ARCH = YES;
				SDKROOT = iphoneos;
				SWIFT_ACTIVE_COMPILATION_CONDITIONS = DEBUG;
				SWIFT_OPTIMIZATION_LEVEL = "-Onone";
			};
			name = Debug;
		};
		BA9FA13329A7B3F7001B8E5A /* Release */ = {
			isa = XCBuildConfiguration;
			buildSettings = {
				ALWAYS_SEARCH_USER_PATHS = NO;
				CLANG_ANALYZER_NONNULL = YES;
				CLANG_ANALYZER_NUMBER_OBJECT_CONVERSION = YES_AGGRESSIVE;
				CLANG_CXX_LANGUAGE_STANDARD = "gnu++20";
				CLANG_ENABLE_MODULES = YES;
				CLANG_ENABLE_OBJC_ARC = YES;
				CLANG_ENABLE_OBJC_WEAK = YES;
				CLANG_WARN_BLOCK_CAPTURE_AUTORELEASING = YES;
				CLANG_WARN_BOOL_CONVERSION = YES;
				CLANG_WARN_COMMA = YES;
				CLANG_WARN_CONSTANT_CONVERSION = YES;
				CLANG_WARN_DEPRECATED_OBJC_IMPLEMENTATIONS = YES;
				CLANG_WARN_DIRECT_OBJC_ISA_USAGE = YES_ERROR;
				CLANG_WARN_DOCUMENTATION_COMMENTS = YES;
				CLANG_WARN_EMPTY_BODY = YES;
				CLANG_WARN_ENUM_CONVERSION = YES;
				CLANG_WARN_INFINITE_RECURSION = YES;
				CLANG_WARN_INT_CONVERSION = YES;
				CLANG_WARN_NON_LITERAL_NULL_CONVERSION = YES;
				CLANG_WARN_OBJC_IMPLICIT_RETAIN_SELF = YES;
				CLANG_WARN_OBJC_LITERAL_CONVERSION = YES;
				CLANG_WARN_OBJC_ROOT_CLASS = YES_ERROR;
				CLANG_WARN_QUOTED_INCLUDE_IN_FRAMEWORK_HEADER = YES;
				CLANG_WARN_RANGE_LOOP_ANALYSIS = YES;
				CLANG_WARN_STRICT_PROTOTYPES = YES;
				CLANG_WARN_SUSPICIOUS_MOVE = YES;
				CLANG_WARN_UNGUARDED_AVAILABILITY = YES_AGGRESSIVE;
				CLANG_WARN_UNREACHABLE_CODE = YES;
				CLANG_WARN__DUPLICATE_METHOD_MATCH = YES;
				COPY_PHASE_STRIP = NO;
				DEBUG_INFORMATION_FORMAT = "dwarf-with-dsym";
				ENABLE_NS_ASSERTIONS = NO;
				ENABLE_STRICT_OBJC_MSGSEND = YES;
				GCC_C_LANGUAGE_STANDARD = gnu11;
				GCC_NO_COMMON_BLOCKS = YES;
				GCC_WARN_64_TO_32_BIT_CONVERSION = YES;
				GCC_WARN_ABOUT_RETURN_TYPE = YES_ERROR;
				GCC_WARN_UNDECLARED_SELECTOR = YES;
				GCC_WARN_UNINITIALIZED_AUTOS = YES_AGGRESSIVE;
				GCC_WARN_UNUSED_FUNCTION = YES;
				GCC_WARN_UNUSED_VARIABLE = YES;
				IPHONEOS_DEPLOYMENT_TARGET = 16.2;
				MTL_ENABLE_DEBUG_INFO = NO;
				MTL_FAST_MATH = YES;
				SDKROOT = iphoneos;
				SWIFT_COMPILATION_MODE = wholemodule;
				SWIFT_OPTIMIZATION_LEVEL = "-O";
				VALIDATE_PRODUCT = YES;
			};
			name = Release;
		};
		BA9FA13529A7B3F7001B8E5A /* Debug */ = {
			isa = XCBuildConfiguration;
			buildSettings = {
				ASSETCATALOG_COMPILER_APPICON_NAME = AppIcon;
				ASSETCATALOG_COMPILER_GLOBAL_ACCENT_COLOR_NAME = AccentColor;
				CODE_SIGN_STYLE = Automatic;
				CURRENT_PROJECT_VERSION = 1;
				DEVELOPMENT_TEAM = 83JZX3D5GU;
				GENERATE_INFOPLIST_FILE = YES;
				INFOPLIST_KEY_UIApplicationSupportsIndirectInputEvents = YES;
				INFOPLIST_KEY_UILaunchStoryboardName = LaunchScreen;
				INFOPLIST_KEY_UIMainStoryboardFile = Main;
				INFOPLIST_KEY_UIStatusBarHidden = YES;
				INFOPLIST_KEY_UISupportedInterfaceOrientations_iPad = "UIInterfaceOrientationPortrait UIInterfaceOrientationPortraitUpsideDown UIInterfaceOrientationLandscapeLeft UIInterfaceOrientationLandscapeRight";
				INFOPLIST_KEY_UISupportedInterfaceOrientations_iPhone = "UIInterfaceOrientationPortrait UIInterfaceOrientationLandscapeLeft UIInterfaceOrientationLandscapeRight";
				LD_RUNPATH_SEARCH_PATHS = (
					"$(inherited)",
					"@executable_path/Frameworks",
				);
				MARKETING_VERSION = 1.0;
				PRODUCT_BUNDLE_IDENTIFIER = kyle.NierMobile;
				PRODUCT_NAME = "$(TARGET_NAME)";
				SWIFT_EMIT_LOC_STRINGS = YES;
				SWIFT_VERSION = 5.0;
				TARGETED_DEVICE_FAMILY = "1,2";
			};
			name = Debug;
		};
		BA9FA13629A7B3F7001B8E5A /* Release */ = {
			isa = XCBuildConfiguration;
			buildSettings = {
				ASSETCATALOG_COMPILER_APPICON_NAME = AppIcon;
				ASSETCATALOG_COMPILER_GLOBAL_ACCENT_COLOR_NAME = AccentColor;
				CODE_SIGN_STYLE = Automatic;
				CURRENT_PROJECT_VERSION = 1;
				DEVELOPMENT_TEAM = 83JZX3D5GU;
				GENERATE_INFOPLIST_FILE = YES;
				INFOPLIST_KEY_UIApplicationSupportsIndirectInputEvents = YES;
				INFOPLIST_KEY_UILaunchStoryboardName = LaunchScreen;
				INFOPLIST_KEY_UIMainStoryboardFile = Main;
				INFOPLIST_KEY_UIStatusBarHidden = YES;
				INFOPLIST_KEY_UISupportedInterfaceOrientations_iPad = "UIInterfaceOrientationPortrait UIInterfaceOrientationPortraitUpsideDown UIInterfaceOrientationLandscapeLeft UIInterfaceOrientationLandscapeRight";
				INFOPLIST_KEY_UISupportedInterfaceOrientations_iPhone = "UIInterfaceOrientationPortrait UIInterfaceOrientationLandscapeLeft UIInterfaceOrientationLandscapeRight";
				LD_RUNPATH_SEARCH_PATHS = (
					"$(inherited)",
					"@executable_path/Frameworks",
				);
				MARKETING_VERSION = 1.0;
				PRODUCT_BUNDLE_IDENTIFIER = kyle.NierMobile;
				PRODUCT_NAME = "$(TARGET_NAME)";
				SWIFT_EMIT_LOC_STRINGS = YES;
				SWIFT_VERSION = 5.0;
				TARGETED_DEVICE_FAMILY = "1,2";
			};
			name = Release;
		};
/* End XCBuildConfiguration section */

/* Begin XCConfigurationList section */
		BA9FA11829A7B3F3001B8E5A /* Build configuration list for PBXProject "NierMobile" */ = {
			isa = XCConfigurationList;
			buildConfigurations = (
				BA9FA13229A7B3F7001B8E5A /* Debug */,
				BA9FA13329A7B3F7001B8E5A /* Release */,
			);
			defaultConfigurationIsVisible = 0;
			defaultConfigurationName = Release;
		};
		BA9FA13429A7B3F7001B8E5A /* Build configuration list for PBXNativeTarget "NierMobile" */ = {
			isa = XCConfigurationList;
			buildConfigurations = (
				BA9FA13529A7B3F7001B8E5A /* Debug */,
				BA9FA13629A7B3F7001B8E5A /* Release */,
			);
			defaultConfigurationIsVisible = 0;
			defaultConfigurationName = Release;
		};
/* End XCConfigurationList section */
	};
	rootObject = BA9FA11529A7B3F3001B8E5A /* Project object */;
}
